
Microsoft Visual Studio Solution File, Format Version 12.00
# Visual Studio Version 17
VisualStudioVersion = 17.2.32519.379
MinimumVisualStudioVersion = 10.0.40219.1
Project("{9A19103F-16F7-4668-BE54-9A1E7A4F7556}") = "RegistroDetalles", "RegistroDetalles.csproj", "{FCD43599-C51F-452C-9D74-A3DD18AB29A3}"
EndProject
Global
	GlobalSection(SolutionConfigurationPlatforms) = preSolution
		Debug|Any CPU = Debug|Any CPU
		Release|Any CPU = Release|Any CPU
	EndGlobalSection
	GlobalSection(ProjectConfigurationPlatforms) = postSolution
		{FCD43599-C51F-452C-9D74-A3DD18AB29A3}.Debug|Any CPU.ActiveCfg = Debug|Any CPU
		{FCD43599-C51F-452C-9D74-A3DD18AB29A3}.Debug|Any CPU.Build.0 = Debug|Any CPU
		{FCD43599-C51F-452C-9D74-A3DD18AB29A3}.Release|Any CPU.ActiveCfg = Release|Any CPU
		{FCD43599-C51F-452C-9D74-A3DD18AB29A3}.Release|Any CPU.Build.0 = Release|Any CPU
	EndGlobalSection
	GlobalSection(SolutionProperties) = preSolution
		HideSolutionNode = FALSE
	EndGlobalSection
	GlobalSection(ExtensibilityGlobals) = postSolution
		SolutionGuid = {76E3A26B-1D8A-4B87-B73A-A6D76355DC48}
	EndGlobalSection
EndGlobal
